#MicroXplorer Configuration settings - do not modify
ADC1.Channel-0\#ChannelRegularConversion=ADC_CHANNEL_0
ADC1.ClockPrescaler=ADC_CLOCK_SYNC_PCLK_DIV4
ADC1.ContinuousConvMode=ENABLE
ADC1.DataAlign=ADC_DATAALIGN_RIGHT
ADC1.EOCSelection=ADC_EOC_SINGLE_CONV
ADC1.EnableAnalogWatchDog=false
ADC1.IPParameters=Rank-0\#ChannelRegularConversion,master,Channel-0\#ChannelRegularConversion,SamplingTime-0\#ChannelRegularConversion,NbrOfConversionFlag,Resolution,ScanConvMode,EOCSelection,DataAlign,ContinuousConvMode,EnableAnalogWatchDog,ClockPrescaler
ADC1.NbrOfConversionFlag=1
ADC1.Rank-0\#ChannelRegularConversion=1
ADC1.Resolution=ADC_RESOLUTION_10B
ADC1.SamplingTime-0\#ChannelRegularConversion=ADC_SAMPLETIME_3CYCLES
ADC1.ScanConvMode=ENABLE
ADC1.master=1
DMA2D.ColorMode=DMA2D_OUTPUT_RGB565
DMA2D.IPParameters=Mode,ColorMode
DMA2D.Mode=DMA2D_R2M
Dma.Request0=USART1_RX
Dma.Request1=USART1_TX
Dma.RequestsNb=2
Dma.USART1_RX.0.Direction=DMA_PERIPH_TO_MEMORY
Dma.USART1_RX.0.FIFOMode=DMA_FIFOMODE_DISABLE
Dma.USART1_RX.0.Instance=DMA2_Stream5
Dma.USART1_RX.0.MemDataAlignment=DMA_MDATAALIGN_BYTE
Dma.USART1_RX.0.MemInc=DMA_MINC_ENABLE
Dma.USART1_RX.0.Mode=DMA_NORMAL
Dma.USART1_RX.0.PeriphDataAlignment=DMA_PDATAALIGN_BYTE
Dma.USART1_RX.0.PeriphInc=DMA_PINC_DISABLE
Dma.USART1_RX.0.Priority=DMA_PRIORITY_LOW
Dma.USART1_RX.0.RequestParameters=Instance,Direction,PeriphInc,MemInc,PeriphDataAlignment,MemDataAlignment,Mode,Priority,FIFOMode
Dma.USART1_TX.1.Direction=DMA_MEMORY_TO_PERIPH
Dma.USART1_TX.1.FIFOMode=DMA_FIFOMODE_DISABLE
Dma.USART1_TX.1.Instance=DMA2_Stream7
Dma.USART1_TX.1.MemDataAlignment=DMA_MDATAALIGN_BYTE
Dma.USART1_TX.1.MemInc=DMA_MINC_ENABLE
Dma.USART1_TX.1.Mode=DMA_NORMAL
Dma.USART1_TX.1.PeriphDataAlignment=DMA_PDATAALIGN_BYTE
Dma.USART1_TX.1.PeriphInc=DMA_PINC_DISABLE
Dma.USART1_TX.1.Priority=DMA_PRIORITY_LOW
Dma.USART1_TX.1.RequestParameters=Instance,Direction,PeriphInc,MemInc,PeriphDataAlignment,MemDataAlignment,Mode,Priority,FIFOMode
FATFS.IPParameters=_CODE_PAGE,_USE_LFN,_MAX_LFN,_FS_LOCK
FATFS._CODE_PAGE=936
FATFS._FS_LOCK=16
FATFS._MAX_LFN=64
FATFS._USE_LFN=3
FMC.AttributeSpaceHiZSetupTime1=1
FMC.AttributeSpaceHoldSetupTime1=2
FMC.AttributeSpaceSetupTime1=2
FMC.AttributeSpaceWaitSetupTime1=3
FMC.CASLatency1=FMC_SDRAM_CAS_LATENCY_3
FMC.ColumnBitsNumber1=FMC_SDRAM_COLUMN_BITS_NUM_9
FMC.CommonSpaceHiZSetupTime1=1
FMC.CommonSpaceHoldSetupTime1=2
FMC.CommonSpaceSetupTime1=2
FMC.CommonSpaceWaitSetupTime1=3
FMC.ECCPageSize1=FMC_NAND_ECC_PAGE_SIZE_2048BYTE
FMC.ExitSelfRefreshDelay1=8
FMC.IPParameters=ECCPageSize1,CommonSpaceSetupTime1,CommonSpaceWaitSetupTime1,CommonSpaceHoldSetupTime1,CommonSpaceHiZSetupTime1,AttributeSpaceSetupTime1,AttributeSpaceWaitSetupTime1,AttributeSpaceHoldSetupTime1,AttributeSpaceHiZSetupTime1,NandPageSize1,NandSpareAreaSize1,NandBlockSize1,NandBlockNbr1,ColumnBitsNumber1,CASLatency1,SDClockPeriod1,SDClockPeriod2,ReadBurst1,ReadBurst2,ReadPipeDelay1,ReadPipeDelay2,LoadToActiveDelay1,ExitSelfRefreshDelay1,SelfRefreshTime1,RowCycleDelay1,RowCycleDelay2,WriteRecoveryTime1,RPDelay1,RPDelay2,RCDDelay1
FMC.LoadToActiveDelay1=2
FMC.NandBlockNbr1=4096
FMC.NandBlockSize1=64
FMC.NandPageSize1=2048
FMC.NandSpareAreaSize1=64
FMC.RCDDelay1=2
FMC.RPDelay1=2
FMC.RPDelay2=2
FMC.ReadBurst1=FMC_SDRAM_RBURST_ENABLE
FMC.ReadBurst2=FMC_SDRAM_RBURST_ENABLE
FMC.ReadPipeDelay1=FMC_SDRAM_RPIPE_DELAY_1
FMC.ReadPipeDelay2=FMC_SDRAM_RPIPE_DELAY_1
FMC.RowCycleDelay1=6
FMC.RowCycleDelay2=6
FMC.SDClockPeriod1=FMC_SDRAM_CLOCK_PERIOD_2
FMC.SDClockPeriod2=FMC_SDRAM_CLOCK_PERIOD_2
FMC.SelfRefreshTime1=6
FMC.WriteRecoveryTime1=4
FREERTOS.CountingSemaphores01=GUISendSem,2,Dynamic,NULL;GUIWaitSem,2,Dynamic,NULL;ReadUdiskSem,2,Dynamic,NULL;ReceiveUartCmd,2,Dynamic,NULL
FREERTOS.FootprintOK=true
FREERTOS.INCLUDE_uxTaskGetStackHighWaterMark=1
FREERTOS.IPParameters=Tasks01,FootprintOK,Queues01,configTOTAL_HEAP_SIZE,configUSE_COUNTING_SEMAPHORES,CountingSemaphores01,configENABLE_FPU,configUSE_TICK_HOOK,configUSE_TICKLESS_IDLE,INCLUDE_uxTaskGetStackHighWaterMark
FREERTOS.Queues01=GcodeCommand,16,uint32_t,0,Dynamic,NULL,NULL
FREERTOS.Tasks01=InitTask,3,1536,InitTask_OS,Default,NULL,Dynamic,NULL,NULL;RefDataTask,2,1024,RefDataTask_OS,Default,NULL,Dynamic,NULL,NULL;ReadUdiskTask,2,1024,ReadUdiskTask_OS,Default,NULL,Dynamic,NULL,NULL;PrintTask,2,1024,PrintTask_OS,Default,NULL,Dynamic,NULL,NULL;GUITask,0,1024,GUITask_OS,Default,NULL,Dynamic,NULL,NULL;RespondGUITask,0,1024,RespondGUITask_OS,Default,NULL,Dynamic,NULL,NULL
FREERTOS.configENABLE_FPU=1
FREERTOS.configTOTAL_HEAP_SIZE=32768
FREERTOS.configUSE_COUNTING_SEMAPHORES=1
FREERTOS.configUSE_TICKLESS_IDLE=0
FREERTOS.configUSE_TICK_HOOK=0
File.Version=6
GPIO.groupedBy=Group By Peripherals
IWDG.IPParameters=Prescaler,Reload
IWDG.Prescaler=IWDG_PRESCALER_64
IWDG.Reload=4000
KeepUserPlacement=false
LTDC.IPParameters=PixelFormat_L0,PixelFormat_L1
LTDC.PixelFormat_L0=LTDC_PIXEL_FORMAT_RGB565
LTDC.PixelFormat_L1=LTDC_PIXEL_FORMAT_RGB565
Mcu.Family=STM32F4
Mcu.IP0=ADC1
Mcu.IP1=CRC
Mcu.IP10=RCC
Mcu.IP11=SPI5
Mcu.IP12=SYS
Mcu.IP13=TIM2
Mcu.IP14=TIM3
Mcu.IP15=TIM4
Mcu.IP16=TIM10
Mcu.IP17=TIM11
Mcu.IP18=USART1
Mcu.IP19=USB_HOST
Mcu.IP2=DMA
Mcu.IP20=USB_OTG_FS
Mcu.IP3=DMA2D
Mcu.IP4=FATFS
Mcu.IP5=FMC
Mcu.IP6=FREERTOS
Mcu.IP7=IWDG
Mcu.IP8=LTDC
Mcu.IP9=NVIC
Mcu.IPNb=21
Mcu.Name=STM32F429I(E-G-I)Hx
Mcu.Package=UFBGA176
Mcu.Pin0=PE3
Mcu.Pin1=PE2
Mcu.Pin10=PA15
Mcu.Pin100=PA6
Mcu.Pin101=PA5
Mcu.Pin102=PF12
Mcu.Pin103=PF15
Mcu.Pin104=PE8
Mcu.Pin105=PE9
Mcu.Pin106=PE11
Mcu.Pin107=PE14
Mcu.Pin108=PB12
Mcu.Pin109=PB13
Mcu.Pin11=PA14
Mcu.Pin110=PD9
Mcu.Pin111=PD8
Mcu.Pin112=PA3
Mcu.Pin113=PB1
Mcu.Pin114=PB0
Mcu.Pin115=PF11
Mcu.Pin116=PF14
Mcu.Pin117=PE7
Mcu.Pin118=PE10
Mcu.Pin119=PE12
Mcu.Pin12=PA13
Mcu.Pin120=PE15
Mcu.Pin121=PB10
Mcu.Pin122=VP_CRC_VS_CRC
Mcu.Pin123=VP_DMA2D_VS_DMA2D
Mcu.Pin124=VP_FATFS_VS_USB
Mcu.Pin125=VP_FATFS_VS_Generic
Mcu.Pin126=VP_FREERTOS_VS_CMSIS_V1
Mcu.Pin127=VP_IWDG_VS_IWDG
Mcu.Pin128=VP_SYS_VS_Systick
Mcu.Pin129=VP_TIM2_VS_ClockSourceINT
Mcu.Pin13=PE4
Mcu.Pin130=VP_TIM3_VS_ClockSourceINT
Mcu.Pin131=VP_TIM4_VS_ClockSourceINT
Mcu.Pin132=VP_TIM10_VS_ClockSourceINT
Mcu.Pin133=VP_TIM10_VS_OPM
Mcu.Pin134=VP_TIM11_VS_ClockSourceINT
Mcu.Pin135=VP_USB_HOST_VS_USB_HOST_MSC_FS
Mcu.Pin14=PB9
Mcu.Pin15=PB7
Mcu.Pin16=PB6
Mcu.Pin17=PG15
Mcu.Pin18=PG12
Mcu.Pin19=PG11
Mcu.Pin2=PE1
Mcu.Pin20=PG10
Mcu.Pin21=PD0
Mcu.Pin22=PC11
Mcu.Pin23=PC10
Mcu.Pin24=PA12
Mcu.Pin25=PI7
Mcu.Pin26=PI6
Mcu.Pin27=PI5
Mcu.Pin28=PG9
Mcu.Pin29=PD5
Mcu.Pin3=PE0
Mcu.Pin30=PD1
Mcu.Pin31=PI3
Mcu.Pin32=PI2
Mcu.Pin33=PA11
Mcu.Pin34=PC13
Mcu.Pin35=PI8
Mcu.Pin36=PI9
Mcu.Pin37=PI4
Mcu.Pin38=PD4
Mcu.Pin39=PD3
Mcu.Pin4=PB8
Mcu.Pin40=PD2
Mcu.Pin41=PH15
Mcu.Pin42=PI1
Mcu.Pin43=PA10
Mcu.Pin44=PC14/OSC32_IN
Mcu.Pin45=PF0
Mcu.Pin46=PI10
Mcu.Pin47=PH13
Mcu.Pin48=PH14
Mcu.Pin49=PI0
Mcu.Pin5=PB5
Mcu.Pin50=PA9
Mcu.Pin51=PH2
Mcu.Pin52=PC9
Mcu.Pin53=PA8
Mcu.Pin54=PH0/OSC_IN
Mcu.Pin55=PH3
Mcu.Pin56=PC8
Mcu.Pin57=PC7
Mcu.Pin58=PH1/OSC_OUT
Mcu.Pin59=PF2
Mcu.Pin6=PB4
Mcu.Pin60=PF1
Mcu.Pin61=PH4
Mcu.Pin62=PG8
Mcu.Pin63=PC6
Mcu.Pin64=PF3
Mcu.Pin65=PF4
Mcu.Pin66=PH5
Mcu.Pin67=PG7
Mcu.Pin68=PG6
Mcu.Pin69=PF7
Mcu.Pin7=PB3
Mcu.Pin70=PF6
Mcu.Pin71=PF5
Mcu.Pin72=PH12
Mcu.Pin73=PG5
Mcu.Pin74=PG4
Mcu.Pin75=PG3
Mcu.Pin76=PF10
Mcu.Pin77=PF9
Mcu.Pin78=PF8
Mcu.Pin79=PH11
Mcu.Pin8=PD7
Mcu.Pin80=PH10
Mcu.Pin81=PD15
Mcu.Pin82=PG2
Mcu.Pin83=PC0
Mcu.Pin84=PC2
Mcu.Pin85=PC3
Mcu.Pin86=PG1
Mcu.Pin87=PH6
Mcu.Pin88=PH8
Mcu.Pin89=PH9
Mcu.Pin9=PC12
Mcu.Pin90=PD14
Mcu.Pin91=PD13
Mcu.Pin92=PA0/WKUP
Mcu.Pin93=PF13
Mcu.Pin94=PG0
Mcu.Pin95=PE13
Mcu.Pin96=PH7
Mcu.Pin97=PD12
Mcu.Pin98=PD11
Mcu.Pin99=PD10
Mcu.PinsNb=136
Mcu.ThirdPartyNb=0
Mcu.UserConstants=
Mcu.UserName=STM32F429IIHx
MxCube.Version=6.2.1
MxDb.Version=DB.6.0.21
NVIC.ADC_IRQn=true\:5\:0\:true\:false\:true\:true\:true\:true
NVIC.BusFault_IRQn=true\:0\:0\:false\:false\:false\:false\:false\:false
NVIC.DMA2_Stream5_IRQn=true\:6\:0\:true\:false\:true\:true\:true\:true
NVIC.DMA2_Stream7_IRQn=true\:6\:0\:true\:false\:true\:true\:false\:true
NVIC.DebugMonitor_IRQn=true\:0\:0\:false\:false\:false\:false\:false\:false
NVIC.EXTI3_IRQn=true\:5\:0\:true\:false\:true\:true\:true\:true
NVIC.ForceEnableDMAVector=true
NVIC.HardFault_IRQn=true\:0\:0\:false\:false\:true\:false\:false\:false
NVIC.MemoryManagement_IRQn=true\:0\:0\:false\:false\:false\:false\:false\:false
NVIC.NonMaskableInt_IRQn=true\:0\:0\:false\:false\:false\:false\:false\:false
NVIC.OTG_FS_IRQn=true\:5\:0\:true\:false\:true\:true\:false\:true
NVIC.PendSV_IRQn=true\:15\:0\:true\:false\:false\:false\:false\:false
NVIC.PriorityGroup=NVIC_PRIORITYGROUP_4
NVIC.SVCall_IRQn=true\:0\:0\:false\:false\:false\:false\:false\:false
NVIC.SavedPendsvIrqHandlerGenerated=true
NVIC.SavedSvcallIrqHandlerGenerated=true
NVIC.SavedSystickIrqHandlerGenerated=true
NVIC.SysTick_IRQn=true\:15\:0\:true\:false\:true\:false\:false\:true
NVIC.TIM1_UP_TIM10_IRQn=true\:5\:0\:false\:false\:true\:false\:false\:true
NVIC.TIM3_IRQn=true\:5\:0\:true\:false\:true\:true\:true\:true
NVIC.TIM4_IRQn=true\:0\:0\:true\:false\:true\:false\:true\:true
NVIC.USART1_IRQn=true\:6\:0\:true\:false\:true\:true\:true\:true
NVIC.UsageFault_IRQn=true\:0\:0\:false\:false\:false\:false\:false\:false
PA0/WKUP.GPIOParameters=GPIO_Label
PA0/WKUP.GPIO_Label=STM32_TEMP_B
PA0/WKUP.Signal=ADCx_IN0
PA10.Locked=true
PA10.Mode=Asynchronous
PA10.Signal=USART1_RX
PA11.GPIOParameters=GPIO_Speed,GPIO_PuPd
PA11.GPIO_PuPd=GPIO_PULLUP
PA11.GPIO_Speed=GPIO_SPEED_FREQ_MEDIUM
PA11.Mode=Host_Only
PA11.Signal=USB_OTG_FS_DM
PA12.GPIOParameters=GPIO_Speed,GPIO_PuPd
PA12.GPIO_PuPd=GPIO_PULLUP
PA12.GPIO_Speed=GPIO_SPEED_FREQ_MEDIUM
PA12.Mode=Host_Only
PA12.Signal=USB_OTG_FS_DP
PA13.Mode=Serial_Wire
PA13.Signal=SYS_JTMS-SWDIO
PA14.Mode=Serial_Wire
PA14.Signal=SYS_JTCK-SWCLK
PA15.GPIOParameters=GPIO_Label
PA15.GPIO_Label=STM32_FAN_NOZ_B
PA15.Signal=S_TIM2_CH1_ETR
PA3.GPIOParameters=GPIO_Label
PA3.GPIO_Label=STM32_TEMP_E
PA3.Signal=ADCx_IN3
PA5.GPIOParameters=GPIO_PuPd,GPIO_Label
PA5.GPIO_Label=STM32_SIG_MAT_E0
PA5.GPIO_PuPd=GPIO_PULLUP
PA5.Locked=true
PA5.Signal=GPIO_Input
PA6.GPIOParameters=GPIO_Label
PA6.GPIO_Label=STM32_TEMP_BED
PA6.Signal=ADCx_IN6
PA8.GPIOParameters=GPIO_Label
PA8.GPIO_Label=STM32_FAN_EB_MOTOR
PA8.Locked=true
PA8.Signal=GPIO_Output
PA9.Locked=true
PA9.Mode=Asynchronous
PA9.Signal=USART1_TX
PB0.GPIOParameters=GPIO_Label
PB0.GPIO_Label=STM32_FAN_NOZ_E
PB0.Signal=S_TIM3_CH3
PB1.GPIOParameters=GPIO_Label
PB1.GPIO_Label=STM32_TEMP_CAVITY
PB1.Signal=ADCx_IN9
PB10.GPIOParameters=GPIO_Label
PB10.GPIO_Label=STM32_Y_DIR
PB10.Locked=true
PB10.Signal=GPIO_Output
PB12.GPIOParameters=GPIO_Label
PB12.GPIO_Label=STM32_Y_STP
PB12.Locked=true
PB12.Signal=GPIO_Output
PB13.GPIOParameters=GPIO_PuPd,GPIO_Label
PB13.GPIO_Label=STM32_SIG_Y
PB13.GPIO_PuPd=GPIO_PULLUP
PB13.Locked=true
PB13.Signal=GPIO_Input
PB3.GPIOParameters=GPIO_Label
PB3.GPIO_Label=STM32_HEAT_CAVITY
PB3.Locked=true
PB3.Signal=GPIO_Output
PB4.GPIOParameters=GPIO_Label
PB4.GPIO_Label=STM32_B_DIR
PB4.Locked=true
PB4.Signal=GPIO_Output
PB5.GPIOParameters=GPIO_Label
PB5.GPIO_Label=STM32_LCD_BACKLIGHT
PB5.Locked=true
PB5.Signal=GPIO_Output
PB6.GPIOParameters=GPIO_Label
PB6.GPIO_Label=STM32_X2_DIR
PB6.Locked=true
PB6.Signal=GPIO_Output
PB7.GPIOParameters=GPIO_Label
PB7.GPIO_Label=STM32_X2_STP
PB7.Locked=true
PB7.Signal=GPIO_Output
PB8.GPIOParameters=GPIO_PuPd,GPIO_Label
PB8.GPIO_Label=STM32_SIG_X2
PB8.GPIO_PuPd=GPIO_PULLUP
PB8.Locked=true
PB8.Signal=GPIO_Input
PB9.GPIOParameters=GPIO_PuPd,GPIO_Label
PB9.GPIO_Label=STM32_BUZZER
PB9.GPIO_PuPd=GPIO_PULLUP
PB9.Signal=S_TIM11_CH1
PC0.Locked=true
PC0.Signal=FMC_SDNWE
PC10.GPIOParameters=GPIO_PuPd,GPIO_Label
PC10.GPIO_Label=STM32_SIG_Z_MIN
PC10.GPIO_PuPd=GPIO_PULLUP
PC10.Locked=true
PC10.Signal=GPIO_Input
PC11.GPIOParameters=GPIO_PuPd,GPIO_Label
PC11.GPIO_Label=STM32_SIG_Z_MAX
PC11.GPIO_PuPd=GPIO_PULLUP
PC11.Locked=true
PC11.Signal=GPIO_Input
PC12.GPIOParameters=GPIO_Label
PC12.GPIO_Label=STM32_E_STP
PC12.Locked=true
PC12.Signal=GPIO_Output
PC13.GPIOParameters=GPIO_Label
PC13.GPIO_Label=STM32_LIGHT_BAR
PC13.Locked=true
PC13.Signal=GPIO_Output
PC14/OSC32_IN.GPIOParameters=GPIO_Label
PC14/OSC32_IN.GPIO_Label=STM32_HEAT_BED
PC14/OSC32_IN.Locked=true
PC14/OSC32_IN.Signal=GPIO_Output
PC2.Locked=true
PC2.Mode=SdramChipSelect1_1
PC2.Signal=FMC_SDNE0
PC3.Locked=true
PC3.Mode=SdramChipSelect1_1
PC3.Signal=FMC_SDCKE0
PC6.GPIOParameters=GPIO_Label
PC6.GPIO_Label=STM32_HEAT_NOZ_E
PC6.Locked=true
PC6.Signal=GPIO_Output
PC7.GPIOParameters=GPIO_Label
PC7.GPIO_Label=STM32_Z_EN
PC7.Locked=true
PC7.Signal=GPIO_Output
PC8.GPIOParameters=GPIO_Label
PC8.GPIO_Label=STM32_Z_DIR
PC8.Locked=true
PC8.Signal=GPIO_Output
PC9.GPIOParameters=GPIO_Label
PC9.GPIO_Label=STM32_Z_STP
PC9.Locked=true
PC9.Signal=GPIO_Output
PD0.Signal=FMC_D2_DA2
PD1.Signal=FMC_D3_DA3
PD10.Signal=FMC_D15_DA15
PD11.Signal=FMC_A16_CLE
PD12.Signal=FMC_A17_ALE
PD13.GPIOParameters=GPIO_Label
PD13.GPIO_Label=STM32_FAN_FILTER
PD13.Locked=true
PD13.Signal=GPIO_Output
PD14.Signal=FMC_D0_DA0
PD15.Signal=FMC_D1_DA1
PD2.GPIOParameters=GPIO_Label
PD2.GPIO_Label=STM32_X2_EN
PD2.Locked=true
PD2.Signal=GPIO_Output
PD3.GPIOParameters=GPIO_Label
PD3.GPIO_Label=STM32_B_STP
PD3.Locked=true
PD3.Signal=GPIO_Output
PD4.Signal=FMC_NOE
PD5.Signal=FMC_NWE
PD7.GPIOParameters=GPIO_Label
PD7.GPIO_Label=STM32_Y_EN
PD7.Locked=true
PD7.Signal=GPIO_Output
PD8.Signal=FMC_D13_DA13
PD9.Signal=FMC_D14_DA14
PE0.Signal=FMC_NBL0
PE1.Signal=FMC_NBL1
PE10.Signal=FMC_D7_DA7
PE11.Signal=FMC_D8_DA8
PE12.Signal=FMC_D9_DA9
PE13.Signal=FMC_D10_DA10
PE14.Signal=FMC_D11_DA11
PE15.Signal=FMC_D12_DA12
PE2.GPIOParameters=GPIO_Label
PE2.GPIO_Label=STM32_HEAT_NOZ_B
PE2.Locked=true
PE2.Signal=GPIO_Output
PE3.Locked=true
PE3.Signal=GPXTI3
PE4.GPIOParameters=GPIO_PuPd,GPIO_Label
PE4.GPIO_Label=STM32_SIG_DOOR
PE4.GPIO_PuPd=GPIO_PULLUP
PE4.Locked=true
PE4.Signal=GPIO_Input
PE7.Signal=FMC_D4_DA4
PE8.Signal=FMC_D5_DA5
PE9.Signal=FMC_D6_DA6
PF0.Signal=FMC_A0
PF1.Signal=FMC_A1
PF10.GPIOParameters=GPIO_Speed,GPIO_PuPd
PF10.GPIO_PuPd=GPIO_PULLUP
PF10.GPIO_Speed=GPIO_SPEED_FREQ_HIGH
PF10.Mode=RGB565
PF10.Signal=LTDC_DE
PF11.Signal=FMC_SDNRAS
PF12.Signal=FMC_A6
PF13.Signal=FMC_A7
PF14.Signal=FMC_A8
PF15.Signal=FMC_A9
PF2.Signal=FMC_A2
PF3.Signal=FMC_A3
PF4.Signal=FMC_A4
PF5.Signal=FMC_A5
PF6.GPIOParameters=GPIO_Label
PF6.GPIO_Label=STM32_STEERING_ENGINE
PF6.Signal=S_TIM10_CH1
PF7.Mode=Full_Duplex_Master
PF7.Signal=SPI5_SCK
PF8.Mode=Full_Duplex_Master
PF8.Signal=SPI5_MISO
PF9.Mode=Full_Duplex_Master
PF9.Signal=SPI5_MOSI
PG0.Signal=FMC_A10
PG1.Signal=FMC_A11
PG10.GPIOParameters=GPIO_Label
PG10.GPIO_Label=STM32_B_EN
PG10.Locked=true
PG10.Signal=GPIO_Output
PG11.GPIOParameters=GPIO_Speed,GPIO_PuPd
PG11.GPIO_PuPd=GPIO_PULLUP
PG11.GPIO_Speed=GPIO_SPEED_FREQ_HIGH
PG11.Mode=RGB565
PG11.Signal=LTDC_B3
PG12.GPIOParameters=GPIO_Label
PG12.GPIO_Label=STM32_E_EN
PG12.Locked=true
PG12.Signal=GPIO_Output
PG15.Signal=FMC_SDNCAS
PG2.Signal=FMC_A12
PG3.GPIOParameters=GPIO_Label
PG3.GPIO_Label=STM32_TOUCH_MISO
PG3.Locked=true
PG3.Signal=GPIO_Output
PG4.Signal=FMC_A14_BA0
PG5.Signal=FMC_A15_BA1
PG6.GPIOParameters=GPIO_Speed,GPIO_PuPd
PG6.GPIO_PuPd=GPIO_PULLUP
PG6.GPIO_Speed=GPIO_SPEED_FREQ_HIGH
PG6.Mode=RGB565
PG6.Signal=LTDC_R7
PG7.GPIOParameters=GPIO_Speed,GPIO_PuPd
PG7.GPIO_PuPd=GPIO_PULLUP
PG7.GPIO_Speed=GPIO_SPEED_FREQ_HIGH
PG7.Mode=RGB565
PG7.Signal=LTDC_CLK
PG8.Signal=FMC_SDCLK
PG9.Mode=NandChipSelect3_1
PG9.Signal=FMC_NCE3
PH0/OSC_IN.Mode=HSE-External-Oscillator
PH0/OSC_IN.Signal=RCC_OSC_IN
PH1/OSC_OUT.Mode=HSE-External-Oscillator
PH1/OSC_OUT.Signal=RCC_OSC_OUT
PH10.GPIOParameters=GPIO_Speed,GPIO_PuPd
PH10.GPIO_PuPd=GPIO_PULLUP
PH10.GPIO_Speed=GPIO_SPEED_FREQ_HIGH
PH10.Mode=RGB565
PH10.Signal=LTDC_R4
PH11.GPIOParameters=GPIO_Speed,GPIO_PuPd
PH11.GPIO_PuPd=GPIO_PULLUP
PH11.GPIO_Speed=GPIO_SPEED_FREQ_HIGH
PH11.Mode=RGB565
PH11.Signal=LTDC_R5
PH12.GPIOParameters=GPIO_Speed,GPIO_PuPd
PH12.GPIO_PuPd=GPIO_PULLUP
PH12.GPIO_Speed=GPIO_SPEED_FREQ_HIGH
PH12.Locked=true
PH12.Mode=RGB565
PH12.Signal=LTDC_R6
PH13.GPIOParameters=GPIO_Speed,GPIO_PuPd
PH13.GPIO_PuPd=GPIO_PULLUP
PH13.GPIO_Speed=GPIO_SPEED_FREQ_HIGH
PH13.Mode=RGB565
PH13.Signal=LTDC_G2
PH14.GPIOParameters=GPIO_Speed,GPIO_PuPd
PH14.GPIO_PuPd=GPIO_PULLUP
PH14.GPIO_Speed=GPIO_SPEED_FREQ_HIGH
PH14.Locked=true
PH14.Mode=RGB565
PH14.Signal=LTDC_G3
PH15.GPIOParameters=GPIO_Speed,GPIO_PuPd
PH15.GPIO_PuPd=GPIO_PULLUP
PH15.GPIO_Speed=GPIO_SPEED_FREQ_HIGH
PH15.Mode=RGB565
PH15.Signal=LTDC_G4
PH2.GPIOParameters=GPIO_PuPd,GPIO_Label
PH2.GPIO_Label=STM32_SIG_X
PH2.GPIO_PuPd=GPIO_PULLUP
PH2.Locked=true
PH2.Signal=GPIO_Input
PH3.GPIOParameters=GPIO_Label
PH3.GPIO_Label=STM32_X_STP
PH3.Locked=true
PH3.Signal=GPIO_Output
PH4.GPIOParameters=GPIO_Label
PH4.GPIO_Label=STM32_X_DIR
PH4.Locked=true
PH4.Signal=GPIO_Output
PH5.GPIOParameters=GPIO_Label
PH5.GPIO_Label=STM32_X_EN
PH5.Locked=true
PH5.Signal=GPIO_Output
PH6.GPIOParameters=GPIO_Label
PH6.GPIO_Label=STM32_TOUCH_SCK
PH6.Locked=true
PH6.Signal=GPIO_Output
PH7.GPIOParameters=GPIO_Label
PH7.GPIO_Label=STM32_TOUCH_PEN
PH7.Locked=true
PH7.Signal=GPIO_Output
PH8.GPIOParameters=GPIO_Label
PH8.GPIO_Label=STM32_E_DIR
PH8.Locked=true
PH8.Signal=GPIO_Output
PH9.GPIOParameters=GPIO_Speed,GPIO_PuPd
PH9.GPIO_PuPd=GPIO_PULLUP
PH9.GPIO_Speed=GPIO_SPEED_FREQ_HIGH
PH9.Mode=RGB565
PH9.Signal=LTDC_R3
PI0.GPIOParameters=GPIO_Speed,GPIO_PuPd
PI0.GPIO_PuPd=GPIO_PULLUP
PI0.GPIO_Speed=GPIO_SPEED_FREQ_HIGH
PI0.Mode=RGB565
PI0.Signal=LTDC_G5
PI1.GPIOParameters=GPIO_Speed,GPIO_PuPd
PI1.GPIO_PuPd=GPIO_PULLUP
PI1.GPIO_Speed=GPIO_SPEED_FREQ_HIGH
PI1.Mode=RGB565
PI1.Signal=LTDC_G6
PI10.GPIOParameters=GPIO_Speed,GPIO_PuPd
PI10.GPIO_PuPd=GPIO_PULLUP
PI10.GPIO_Speed=GPIO_SPEED_FREQ_HIGH
PI10.Mode=RGB565
PI10.Signal=LTDC_HSYNC
PI2.GPIOParameters=GPIO_Speed,GPIO_PuPd
PI2.GPIO_PuPd=GPIO_PULLUP
PI2.GPIO_Speed=GPIO_SPEED_FREQ_HIGH
PI2.Mode=RGB565
PI2.Signal=LTDC_G7
PI3.GPIOParameters=GPIO_Label
PI3.GPIO_Label=STM32_TOUCH_MOSI
PI3.Locked=true
PI3.Signal=GPIO_Output
PI4.GPIOParameters=GPIO_Speed,GPIO_PuPd
PI4.GPIO_PuPd=GPIO_PULLUP
PI4.GPIO_Speed=GPIO_SPEED_FREQ_HIGH
PI4.Locked=true
PI4.Mode=RGB565
PI4.Signal=LTDC_B4
PI5.GPIOParameters=GPIO_Speed,GPIO_PuPd
PI5.GPIO_PuPd=GPIO_PULLUP
PI5.GPIO_Speed=GPIO_SPEED_FREQ_HIGH
PI5.Mode=RGB565
PI5.Signal=LTDC_B5
PI6.GPIOParameters=GPIO_Speed,GPIO_PuPd
PI6.GPIO_PuPd=GPIO_PULLUP
PI6.GPIO_Speed=GPIO_SPEED_FREQ_HIGH
PI6.Locked=true
PI6.Mode=RGB565
PI6.Signal=LTDC_B6
PI7.GPIOParameters=GPIO_Speed,GPIO_PuPd
PI7.GPIO_PuPd=GPIO_PULLUP
PI7.GPIO_Speed=GPIO_SPEED_FREQ_HIGH
PI7.Mode=RGB565
PI7.Signal=LTDC_B7
PI8.GPIOParameters=GPIO_Label
PI8.GPIO_Label=STM32_TOUCH_CS
PI8.Locked=true
PI8.Signal=GPIO_Output
PI9.GPIOParameters=GPIO_Speed,GPIO_PuPd
PI9.GPIO_PuPd=GPIO_PULLUP
PI9.GPIO_Speed=GPIO_SPEED_FREQ_HIGH
PI9.Mode=RGB565
PI9.Signal=LTDC_VSYNC
PinOutPanel.CurrentBGAView=Top
PinOutPanel.RotationAngle=0
ProjectManager.AskForMigrate=true
ProjectManager.BackupPrevious=false
ProjectManager.CompilerOptimize=6
ProjectManager.ComputerToolchain=false
ProjectManager.CoupleFile=false
ProjectManager.CustomerFirmwarePackage=
ProjectManager.DefaultFWLocation=true
ProjectManager.DeletePrevious=true
ProjectManager.DeviceId=STM32F429IIHx
ProjectManager.FirmwarePackage=STM32Cube FW_F4 V1.26.1
ProjectManager.FreePins=false
ProjectManager.HalAssertFull=false
ProjectManager.HeapSize=0x2000
ProjectManager.KeepUserCode=true
ProjectManager.LastFirmware=true
ProjectManager.LibraryCopy=0
ProjectManager.MainLocation=Core/Src
ProjectManager.NoMain=false
ProjectManager.PreviousToolchain=
ProjectManager.ProjectBuild=false
ProjectManager.ProjectFileName=stm32f429ii-bga_stm32.ioc
ProjectManager.ProjectName=stm32f429ii-bga_stm32
ProjectManager.RegisterCallBack=
ProjectManager.StackSize=0x2000
ProjectManager.TargetToolchain=MDK-ARM V5.27
ProjectManager.ToolChainLocation=
ProjectManager.UnderRoot=false
ProjectManager.functionlistsort=1-MX_GPIO_Init-GPIO-false-HAL-true,2-MX_DMA_Init-DMA-false-HAL-true,3-SystemClock_Config-RCC-false-HAL-false,4-MX_ADC1_Init-ADC1-false-HAL-true,5-MX_DMA2D_Init-DMA2D-false-HAL-true,6-MX_FMC_Init-FMC-false-HAL-true,7-MX_LTDC_Init-LTDC-false-HAL-true,8-MX_SPI5_Init-SPI5-false-HAL-true,9-MX_USART1_UART_Init-USART1-false-HAL-true,10-MX_CRC_Init-CRC-false-HAL-true,11-MX_IWDG_Init-IWDG-false-HAL-true,12-MX_TIM2_Init-TIM2-false-HAL-true,13-MX_TIM3_Init-TIM3-false-HAL-true,14-MX_TIM4_Init-TIM4-false-HAL-true,15-MX_TIM11_Init-TIM11-false-HAL-true,16-MX_FATFS_Init-FATFS-false-HAL-false,17-MX_USB_HOST_Init-USB_HOST-false-HAL-false,18-MX_TIM10_Init-TIM10-false-HAL-true
RCC.48MHZClocksFreq_Value=48000000
RCC.AHBFreq_Value=168000000
RCC.APB1CLKDivider=RCC_HCLK_DIV4
RCC.APB1Freq_Value=42000000
RCC.APB1TimFreq_Value=84000000
RCC.APB2CLKDivider=RCC_HCLK_DIV2
RCC.APB2Freq_Value=84000000
RCC.APB2TimFreq_Value=168000000
RCC.CortexFreq_Value=21000000
RCC.Cortex_Div=SYSTICK_CLKSOURCE_HCLK_DIV8
RCC.EthernetFreq_Value=168000000
RCC.FCLKCortexFreq_Value=168000000
RCC.FamilyName=M
RCC.HCLKFreq_Value=168000000
RCC.HSE_VALUE=25000000
RCC.HSI_VALUE=16000000
RCC.I2SClocksFreq_Value=96000000
RCC.IPParameters=48MHZClocksFreq_Value,AHBFreq_Value,APB1CLKDivider,APB1Freq_Value,APB1TimFreq_Value,APB2CLKDivider,APB2Freq_Value,APB2TimFreq_Value,CortexFreq_Value,Cortex_Div,EthernetFreq_Value,FCLKCortexFreq_Value,FamilyName,HCLKFreq_Value,HSE_VALUE,HSI_VALUE,I2SClocksFreq_Value,LCDTFTFreq_Value,LSE_VALUE,LSI_VALUE,MCO2PinFreq_Value,PLLCLKFreq_Value,PLLM,PLLN,PLLQ,PLLQCLKFreq_Value,PLLSAIN,RTCFreq_Value,RTCHSEDivFreq_Value,SAI_AClocksFreq_Value,SAI_BClocksFreq_Value,SYSCLKFreq_VALUE,SYSCLKSource,VCOI2SOutputFreq_Value,VCOInputFreq_Value,VCOOutputFreq_Value,VCOSAIOutputFreq_Value,VCOSAIOutputFreq_ValueQ,VCOSAIOutputFreq_ValueR,VcooutputI2S,VcooutputI2SQ
RCC.LCDTFTFreq_Value=25000000
RCC.LSE_VALUE=32768
RCC.LSI_VALUE=32000
RCC.MCO2PinFreq_Value=168000000
RCC.PLLCLKFreq_Value=168000000
RCC.PLLM=25
RCC.PLLN=336
RCC.PLLQ=7
RCC.PLLQCLKFreq_Value=48000000
RCC.PLLSAIN=100
RCC.RTCFreq_Value=32000
RCC.RTCHSEDivFreq_Value=12500000
RCC.SAI_AClocksFreq_Value=25000000
RCC.SAI_BClocksFreq_Value=25000000
RCC.SYSCLKFreq_VALUE=168000000
RCC.SYSCLKSource=RCC_SYSCLKSOURCE_PLLCLK
RCC.VCOI2SOutputFreq_Value=192000000
RCC.VCOInputFreq_Value=1000000
RCC.VCOOutputFreq_Value=336000000
RCC.VCOSAIOutputFreq_Value=100000000
RCC.VCOSAIOutputFreq_ValueQ=25000000
RCC.VCOSAIOutputFreq_ValueR=50000000
RCC.VcooutputI2S=96000000
RCC.VcooutputI2SQ=96000000
SH.ADCx_IN0.0=ADC1_IN0,IN0
SH.ADCx_IN0.ConfNb=1
SH.ADCx_IN3.0=ADC1_IN3,IN3
SH.ADCx_IN3.ConfNb=1
SH.ADCx_IN6.0=ADC1_IN6,IN6
SH.ADCx_IN6.ConfNb=1
SH.ADCx_IN9.0=ADC1_IN9,IN9
SH.ADCx_IN9.ConfNb=1
SH.FMC_A0.0=FMC_A0,13b-sda1
SH.FMC_A0.ConfNb=1
SH.FMC_A1.0=FMC_A1,13b-sda1
SH.FMC_A1.ConfNb=1
SH.FMC_A10.0=FMC_A10,13b-sda1
SH.FMC_A10.ConfNb=1
SH.FMC_A11.0=FMC_A11,13b-sda1
SH.FMC_A11.ConfNb=1
SH.FMC_A12.0=FMC_A12,13b-sda1
SH.FMC_A12.ConfNb=1
SH.FMC_A14_BA0.0=FMC_BA0,FourSdramBanks1
SH.FMC_A14_BA0.ConfNb=1
SH.FMC_A15_BA1.0=FMC_BA1,FourSdramBanks1
SH.FMC_A15_BA1.ConfNb=1
SH.FMC_A16_CLE.0=FMC_CLE,8b-dmux1
SH.FMC_A16_CLE.ConfNb=1
SH.FMC_A17_ALE.0=FMC_ALE,8b-dmux1
SH.FMC_A17_ALE.ConfNb=1
SH.FMC_A2.0=FMC_A2,13b-sda1
SH.FMC_A2.ConfNb=1
SH.FMC_A3.0=FMC_A3,13b-sda1
SH.FMC_A3.ConfNb=1
SH.FMC_A4.0=FMC_A4,13b-sda1
SH.FMC_A4.ConfNb=1
SH.FMC_A5.0=FMC_A5,13b-sda1
SH.FMC_A5.ConfNb=1
SH.FMC_A6.0=FMC_A6,13b-sda1
SH.FMC_A6.ConfNb=1
SH.FMC_A7.0=FMC_A7,13b-sda1
SH.FMC_A7.ConfNb=1
SH.FMC_A8.0=FMC_A8,13b-sda1
SH.FMC_A8.ConfNb=1
SH.FMC_A9.0=FMC_A9,13b-sda1
SH.FMC_A9.ConfNb=1
SH.FMC_D0_DA0.0=FMC_D0,8b-dmux1
SH.FMC_D0_DA0.1=FMC_D0,sd-16b-d1
SH.FMC_D0_DA0.ConfNb=2
SH.FMC_D10_DA10.0=FMC_D10,sd-16b-d1
SH.FMC_D10_DA10.ConfNb=1
SH.FMC_D11_DA11.0=FMC_D11,sd-16b-d1
SH.FMC_D11_DA11.ConfNb=1
SH.FMC_D12_DA12.0=FMC_D12,sd-16b-d1
SH.FMC_D12_DA12.ConfNb=1
SH.FMC_D13_DA13.0=FMC_D13,sd-16b-d1
SH.FMC_D13_DA13.ConfNb=1
SH.FMC_D14_DA14.0=FMC_D14,sd-16b-d1
SH.FMC_D14_DA14.ConfNb=1
SH.FMC_D15_DA15.0=FMC_D15,sd-16b-d1
SH.FMC_D15_DA15.ConfNb=1
SH.FMC_D1_DA1.0=FMC_D1,8b-dmux1
SH.FMC_D1_DA1.1=FMC_D1,sd-16b-d1
SH.FMC_D1_DA1.ConfNb=2
SH.FMC_D2_DA2.0=FMC_D2,8b-dmux1
SH.FMC_D2_DA2.1=FMC_D2,sd-16b-d1
SH.FMC_D2_DA2.ConfNb=2
SH.FMC_D3_DA3.0=FMC_D3,8b-dmux1
SH.FMC_D3_DA3.1=FMC_D3,sd-16b-d1
SH.FMC_D3_DA3.ConfNb=2
SH.FMC_D4_DA4.0=FMC_D4,8b-dmux1
SH.FMC_D4_DA4.1=FMC_D4,sd-16b-d1
SH.FMC_D4_DA4.ConfNb=2
SH.FMC_D5_DA5.0=FMC_D5,8b-dmux1
SH.FMC_D5_DA5.1=FMC_D5,sd-16b-d1
SH.FMC_D5_DA5.ConfNb=2
SH.FMC_D6_DA6.0=FMC_D6,8b-dmux1
SH.FMC_D6_DA6.1=FMC_D6,sd-16b-d1
SH.FMC_D6_DA6.ConfNb=2
SH.FMC_D7_DA7.0=FMC_D7,8b-dmux1
SH.FMC_D7_DA7.1=FMC_D7,sd-16b-d1
SH.FMC_D7_DA7.ConfNb=2
SH.FMC_D8_DA8.0=FMC_D8,sd-16b-d1
SH.FMC_D8_DA8.ConfNb=1
SH.FMC_D9_DA9.0=FMC_D9,sd-16b-d1
SH.FMC_D9_DA9.ConfNb=1
SH.FMC_NBL0.0=FMC_NBL0,Sd2ByteEnable1
SH.FMC_NBL0.ConfNb=1
SH.FMC_NBL1.0=FMC_NBL1,Sd2ByteEnable1
SH.FMC_NBL1.ConfNb=1
SH.FMC_NOE.0=FMC_NOE,8b-dmux1
SH.FMC_NOE.ConfNb=1
SH.FMC_NWE.0=FMC_NWE,8b-dmux1
SH.FMC_NWE.ConfNb=1
SH.FMC_SDCLK.0=FMC_SDCLK,13b-sda1
SH.FMC_SDCLK.ConfNb=1
SH.FMC_SDNCAS.0=FMC_SDNCAS,13b-sda1
SH.FMC_SDNCAS.ConfNb=1
SH.FMC_SDNRAS.0=FMC_SDNRAS,13b-sda1
SH.FMC_SDNRAS.ConfNb=1
SH.FMC_SDNWE.0=FMC_SDNWE,13b-sda1
SH.FMC_SDNWE.ConfNb=1
SH.GPXTI3.0=GPIO_EXTI3
SH.GPXTI3.ConfNb=1
SH.S_TIM10_CH1.0=TIM10_CH1,PWM Generation1 CH1
SH.S_TIM10_CH1.ConfNb=1
SH.S_TIM11_CH1.0=TIM11_CH1,PWM Generation1 CH1
SH.S_TIM11_CH1.ConfNb=1
SH.S_TIM2_CH1_ETR.0=TIM2_CH1,PWM Generation1 CH1
SH.S_TIM2_CH1_ETR.ConfNb=1
SH.S_TIM3_CH3.0=TIM3_CH3,PWM Generation3 CH3
SH.S_TIM3_CH3.ConfNb=1
SPI5.CalculateBaudRate=42.0 MBits/s
SPI5.Direction=SPI_DIRECTION_2LINES
SPI5.IPParameters=VirtualType,Mode,Direction,CalculateBaudRate
SPI5.Mode=SPI_MODE_MASTER
SPI5.VirtualType=VM_MASTER
TIM10.Channel=TIM_CHANNEL_1
TIM10.IPParameters=Channel,Prescaler,Period,Pulse
TIM10.Period=99
TIM10.Prescaler=167
TIM10.Pulse=2120
TIM11.Channel=TIM_CHANNEL_1
TIM11.IPParameters=Channel,Prescaler,Period,OCPolarity_1
TIM11.OCPolarity_1=TIM_OCPOLARITY_LOW
TIM11.Period=999
TIM11.Prescaler=83
TIM2.Channel-PWM\ Generation1\ CH1=TIM_CHANNEL_1
TIM2.IPParameters=Channel-PWM Generation1 CH1,Prescaler,Period,OCPolarity_1,Pulse-PWM Generation1 CH1
TIM2.OCPolarity_1=TIM_OCPOLARITY_LOW
TIM2.Period=99
TIM2.Prescaler=83
TIM2.Pulse-PWM\ Generation1\ CH1=2120
TIM3.Channel-PWM\ Generation3\ CH3=TIM_CHANNEL_3
TIM3.IPParameters=Prescaler,Period,Channel-PWM Generation3 CH3
TIM3.Period=999
TIM3.Prescaler=83
TIM4.IPParameters=Prescaler,Period
TIM4.Period=16383
TIM4.Prescaler=41
USART1.IPParameters=VirtualMode
USART1.VirtualMode=VM_ASYNC
USB_HOST.IPParameters=USBH_HandleTypeDef-MSC_FS,VirtualModeFS,USBH_USE_OS-MSC_FS,USBH_PROCESS_PRIO-MSC_FS,USBH_PROCESS_STACK_SIZE-MSC_FS,USBH_MAX_SIZE_CONFIGURATION-MSC_FS,USBH_MAX_DATA_BUFFER-MSC_FS,USBH_DEBUG_LEVEL-MSC_FS,USBH_MAX_NUM_ENDPOINTS-MSC_FS
USB_HOST.USBH_DEBUG_LEVEL-MSC_FS=0
USB_HOST.USBH_HandleTypeDef-MSC_FS=hUsbHostFS
USB_HOST.USBH_MAX_DATA_BUFFER-MSC_FS=1024
USB_HOST.USBH_MAX_NUM_ENDPOINTS-MSC_FS=2
USB_HOST.USBH_MAX_SIZE_CONFIGURATION-MSC_FS=512
USB_HOST.USBH_PROCESS_PRIO-MSC_FS=osPriorityHigh
USB_HOST.USBH_PROCESS_STACK_SIZE-MSC_FS=1024
USB_HOST.USBH_USE_OS-MSC_FS=0
USB_HOST.VirtualModeFS=Msc
USB_OTG_FS.IPParameters=VirtualMode,phy_itface
USB_OTG_FS.VirtualMode=Host_Only
USB_OTG_FS.phy_itface=HCD_PHY_EMBEDDED
VP_CRC_VS_CRC.Mode=CRC_Activate
VP_CRC_VS_CRC.Signal=CRC_VS_CRC
VP_DMA2D_VS_DMA2D.Mode=DMA2D_Activate
VP_DMA2D_VS_DMA2D.Signal=DMA2D_VS_DMA2D
VP_FATFS_VS_Generic.Mode=User_defined
VP_FATFS_VS_Generic.Signal=FATFS_VS_Generic
VP_FATFS_VS_USB.Mode=USB
VP_FATFS_VS_USB.Signal=FATFS_VS_USB
VP_FREERTOS_VS_CMSIS_V1.Mode=CMSIS_V1
VP_FREERTOS_VS_CMSIS_V1.Signal=FREERTOS_VS_CMSIS_V1
VP_IWDG_VS_IWDG.Mode=IWDG_Activate
VP_IWDG_VS_IWDG.Signal=IWDG_VS_IWDG
VP_SYS_VS_Systick.Mode=SysTick
VP_SYS_VS_Systick.Signal=SYS_VS_Systick
VP_TIM10_VS_ClockSourceINT.Mode=Enable_Timer
VP_TIM10_VS_ClockSourceINT.Signal=TIM10_VS_ClockSourceINT
VP_TIM10_VS_OPM.Mode=OPM_bit
VP_TIM10_VS_OPM.Signal=TIM10_VS_OPM
VP_TIM11_VS_ClockSourceINT.Mode=Enable_Timer
VP_TIM11_VS_ClockSourceINT.Signal=TIM11_VS_ClockSourceINT
VP_TIM2_VS_ClockSourceINT.Mode=Internal
VP_TIM2_VS_ClockSourceINT.Signal=TIM2_VS_ClockSourceINT
VP_TIM3_VS_ClockSourceINT.Mode=Internal
VP_TIM3_VS_ClockSourceINT.Signal=TIM3_VS_ClockSourceINT
VP_TIM4_VS_ClockSourceINT.Mode=Internal
VP_TIM4_VS_ClockSourceINT.Signal=TIM4_VS_ClockSourceINT
VP_USB_HOST_VS_USB_HOST_MSC_FS.Mode=MSC_FS
VP_USB_HOST_VS_USB_HOST_MSC_FS.Signal=USB_HOST_VS_USB_HOST_MSC_FS
board=custom
